
Microsoft Visual Studio Solution File, Format Version 12.00
# Visual Studio 15
VisualStudioVersion = 15.0.26124.0
MinimumVisualStudioVersion = 15.0.26124.0
Project("{FAE04EC0-301F-11D3-BF4B-00C04F79EFBC}") = "Mcma.Modules.ServiceRegistry.Aws.ApiHandler", "aws\src\Mcma.Modules.ServiceRegistry.Aws.ApiHandler\Mcma.Modules.ServiceRegistry.Aws.ApiHandler.csproj", "{45683D78-2574-438A-AB0A-630CC1DB8596}"
EndProject
Project("{FAE04EC0-301F-11D3-BF4B-00C04F79EFBC}") = "Mcma.Modules.ServiceRegistry.Azure.ApiHandler", "azure\src\Mcma.Modules.ServiceRegistry.Azure.ApiHandler\Mcma.Modules.ServiceRegistry.Azure.ApiHandler.csproj", "{4EEB8191-1AD0-40CC-8E88-94B0359348CF}"
EndProject
Project("{FAE04EC0-301F-11D3-BF4B-00C04F79EFBC}") = "Mcma.Modules.ServiceRegistry.GoogleCloud.ApiHandler", "google\src\Mcma.Modules.ServiceRegistry.GoogleCloud.ApiHandler\Mcma.Modules.ServiceRegistry.GoogleCloud.ApiHandler.csproj", "{1C47317D-4FDC-447F-AB41-CD4085D61BF0}"
EndProject
Project("{2150E333-8FDC-42A3-9474-1A3956D46DE8}") = "aws", "aws", "{F15EE206-10F1-4926-B10E-828552A7F395}"
EndProject
Project("{2150E333-8FDC-42A3-9474-1A3956D46DE8}") = "azure", "azure", "{B3DE617C-1530-4B33-A217-30AB1BDA95DF}"
EndProject
Project("{2150E333-8FDC-42A3-9474-1A3956D46DE8}") = "google", "google", "{CC2DC5BD-62D3-485F-98E4-924E6C16A73C}"
EndProject
Project("{2150E333-8FDC-42A3-9474-1A3956D46DE8}") = "generic", "generic", "{AAF14A5E-B867-4662-A175-B4F470FF65A2}"
EndProject
Project("{FAE04EC0-301F-11D3-BF4B-00C04F79EFBC}") = "Mcma.Modules.ServiceRegistry.Generic.ApiHandler", "generic\src\Mcma.Modules.ServiceRegistry.Generic.ApiHandler\Mcma.Modules.ServiceRegistry.Generic.ApiHandler.csproj", "{EDE8CEB6-3F4F-4C27-99DA-7C98565B9E8C}"
EndProject
Global
	GlobalSection(SolutionConfigurationPlatforms) = preSolution
		Debug|Any CPU = Debug|Any CPU
		Debug|x64 = Debug|x64
		Debug|x86 = Debug|x86
		Release|Any CPU = Release|Any CPU
		Release|x64 = Release|x64
		Release|x86 = Release|x86
	EndGlobalSection
	GlobalSection(SolutionProperties) = preSolution
		HideSolutionNode = FALSE
	EndGlobalSection
	GlobalSection(ProjectConfigurationPlatforms) = postSolution
		{45683D78-2574-438A-AB0A-630CC1DB8596}.Debug|Any CPU.ActiveCfg = Debug|Any CPU
		{45683D78-2574-438A-AB0A-630CC1DB8596}.Debug|Any CPU.Build.0 = Debug|Any CPU
		{45683D78-2574-438A-AB0A-630CC1DB8596}.Debug|x64.ActiveCfg = Debug|Any CPU
		{45683D78-2574-438A-AB0A-630CC1DB8596}.Debug|x64.Build.0 = Debug|Any CPU
		{45683D78-2574-438A-AB0A-630CC1DB8596}.Debug|x86.ActiveCfg = Debug|Any CPU
		{45683D78-2574-438A-AB0A-630CC1DB8596}.Debug|x86.Build.0 = Debug|Any CPU
		{45683D78-2574-438A-AB0A-630CC1DB8596}.Release|Any CPU.ActiveCfg = Release|Any CPU
		{45683D78-2574-438A-AB0A-630CC1DB8596}.Release|Any CPU.Build.0 = Release|Any CPU
		{45683D78-2574-438A-AB0A-630CC1DB8596}.Release|x64.ActiveCfg = Release|Any CPU
		{45683D78-2574-438A-AB0A-630CC1DB8596}.Release|x64.Build.0 = Release|Any CPU
		{45683D78-2574-438A-AB0A-630CC1DB8596}.Release|x86.ActiveCfg = Release|Any CPU
		{45683D78-2574-438A-AB0A-630CC1DB8596}.Release|x86.Build.0 = Release|Any CPU
		{4EEB8191-1AD0-40CC-8E88-94B0359348CF}.Debug|Any CPU.ActiveCfg = Debug|Any CPU
		{4EEB8191-1AD0-40CC-8E88-94B0359348CF}.Debug|Any CPU.Build.0 = Debug|Any CPU
		{4EEB8191-1AD0-40CC-8E88-94B0359348CF}.Debug|x64.ActiveCfg = Debug|Any CPU
		{4EEB8191-1AD0-40CC-8E88-94B0359348CF}.Debug|x64.Build.0 = Debug|Any CPU
		{4EEB8191-1AD0-40CC-8E88-94B0359348CF}.Debug|x86.ActiveCfg = Debug|Any CPU
		{4EEB8191-1AD0-40CC-8E88-94B0359348CF}.Debug|x86.Build.0 = Debug|Any CPU
		{4EEB8191-1AD0-40CC-8E88-94B0359348CF}.Release|Any CPU.ActiveCfg = Release|Any CPU
		{4EEB8191-1AD0-40CC-8E88-94B0359348CF}.Release|Any CPU.Build.0 = Release|Any CPU
		{4EEB8191-1AD0-40CC-8E88-94B0359348CF}.Release|x64.ActiveCfg = Release|Any CPU
		{4EEB8191-1AD0-40CC-8E88-94B0359348CF}.Release|x64.Build.0 = Release|Any CPU
		{4EEB8191-1AD0-40CC-8E88-94B0359348CF}.Release|x86.ActiveCfg = Release|Any CPU
		{4EEB8191-1AD0-40CC-8E88-94B0359348CF}.Release|x86.Build.0 = Release|Any CPU
		{1C47317D-4FDC-447F-AB41-CD4085D61BF0}.Debug|Any CPU.ActiveCfg = Debug|Any CPU
		{1C47317D-4FDC-447F-AB41-CD4085D61BF0}.Debug|Any CPU.Build.0 = Debug|Any CPU
		{1C47317D-4FDC-447F-AB41-CD4085D61BF0}.Debug|x64.ActiveCfg = Debug|Any CPU
		{1C47317D-4FDC-447F-AB41-CD4085D61BF0}.Debug|x64.Build.0 = Debug|Any CPU
		{1C47317D-4FDC-447F-AB41-CD4085D61BF0}.Debug|x86.ActiveCfg = Debug|Any CPU
		{1C47317D-4FDC-447F-AB41-CD4085D61BF0}.Debug|x86.Build.0 = Debug|Any CPU
		{1C47317D-4FDC-447F-AB41-CD4085D61BF0}.Release|Any CPU.ActiveCfg = Release|Any CPU
		{1C47317D-4FDC-447F-AB41-CD4085D61BF0}.Release|Any CPU.Build.0 = Release|Any CPU
		{1C47317D-4FDC-447F-AB41-CD4085D61BF0}.Release|x64.ActiveCfg = Release|Any CPU
		{1C47317D-4FDC-447F-AB41-CD4085D61BF0}.Release|x64.Build.0 = Release|Any CPU
		{1C47317D-4FDC-447F-AB41-CD4085D61BF0}.Release|x86.ActiveCfg = Release|Any CPU
		{1C47317D-4FDC-447F-AB41-CD4085D61BF0}.Release|x86.Build.0 = Release|Any CPU
		{EDE8CEB6-3F4F-4C27-99DA-7C98565B9E8C}.Debug|Any CPU.ActiveCfg = Debug|Any CPU
		{EDE8CEB6-3F4F-4C27-99DA-7C98565B9E8C}.Debug|Any CPU.Build.0 = Debug|Any CPU
		{EDE8CEB6-3F4F-4C27-99DA-7C98565B9E8C}.Debug|x64.ActiveCfg = Debug|Any CPU
		{EDE8CEB6-3F4F-4C27-99DA-7C98565B9E8C}.Debug|x64.Build.0 = Debug|Any CPU
		{EDE8CEB6-3F4F-4C27-99DA-7C98565B9E8C}.Debug|x86.ActiveCfg = Debug|Any CPU
		{EDE8CEB6-3F4F-4C27-99DA-7C98565B9E8C}.Debug|x86.Build.0 = Debug|Any CPU
		{EDE8CEB6-3F4F-4C27-99DA-7C98565B9E8C}.Release|Any CPU.ActiveCfg = Release|Any CPU
		{EDE8CEB6-3F4F-4C27-99DA-7C98565B9E8C}.Release|Any CPU.Build.0 = Release|Any CPU
		{EDE8CEB6-3F4F-4C27-99DA-7C98565B9E8C}.Release|x64.ActiveCfg = Release|Any CPU
		{EDE8CEB6-3F4F-4C27-99DA-7C98565B9E8C}.Release|x64.Build.0 = Release|Any CPU
		{EDE8CEB6-3F4F-4C27-99DA-7C98565B9E8C}.Release|x86.ActiveCfg = Release|Any CPU
		{EDE8CEB6-3F4F-4C27-99DA-7C98565B9E8C}.Release|x86.Build.0 = Release|Any CPU
	EndGlobalSection
	GlobalSection(NestedProjects) = preSolution
		{45683D78-2574-438A-AB0A-630CC1DB8596} = {F15EE206-10F1-4926-B10E-828552A7F395}
		{4EEB8191-1AD0-40CC-8E88-94B0359348CF} = {B3DE617C-1530-4B33-A217-30AB1BDA95DF}
		{1C47317D-4FDC-447F-AB41-CD4085D61BF0} = {CC2DC5BD-62D3-485F-98E4-924E6C16A73C}
		{EDE8CEB6-3F4F-4C27-99DA-7C98565B9E8C} = {AAF14A5E-B867-4662-A175-B4F470FF65A2}
	EndGlobalSection
EndGlobal
